
Microsoft Visual Studio Solution File, Format Version 12.00
Project("{FAE04EC0-301F-11D3-BF4B-00C04F79EFBC}") = "Pcg32Toolkit", "Pcg32Toolkit\\Pcg32Toolkit.csproj", "{B27BA8ED-AE78-462E-B283-43A68E4DCE07}"
EndProject
Project("{FAE04EC0-301F-11D3-BF4B-00C04F79EFBC}") = "Pcg32Toolkit.Tests", "Pcg32Toolkit.Tests\Pcg32Toolkit.Tests.csproj", "{06A70817-1F42-43F3-8E54-518EAA1D89FF}"
EndProject
Global
	GlobalSection(SolutionConfigurationPlatforms) = preSolution
		Debug|Any CPU = Debug|Any CPU
		Debug|x64 = Debug|x64
		Debug|x86 = Debug|x86
		Release|Any CPU = Release|Any CPU
		Release|x64 = Release|x64
		Release|x86 = Release|x86
	EndGlobalSection
	GlobalSection(ProjectConfigurationPlatforms) = postSolution
		{B27BA8ED-AE78-462E-B283-43A68E4DCE07}.Debug|Any CPU.ActiveCfg = Debug|Any CPU
		{B27BA8ED-AE78-462E-B283-43A68E4DCE07}.Debug|Any CPU.Build.0 = Debug|Any CPU
		{B27BA8ED-AE78-462E-B283-43A68E4DCE07}.Debug|x64.ActiveCfg = Debug|Any CPU
		{B27BA8ED-AE78-462E-B283-43A68E4DCE07}.Debug|x64.Build.0 = Debug|Any CPU
		{B27BA8ED-AE78-462E-B283-43A68E4DCE07}.Debug|x86.ActiveCfg = Debug|Any CPU
		{B27BA8ED-AE78-462E-B283-43A68E4DCE07}.Debug|x86.Build.0 = Debug|Any CPU
		{B27BA8ED-AE78-462E-B283-43A68E4DCE07}.Release|Any CPU.ActiveCfg = Release|Any CPU
		{B27BA8ED-AE78-462E-B283-43A68E4DCE07}.Release|Any CPU.Build.0 = Release|Any CPU
		{B27BA8ED-AE78-462E-B283-43A68E4DCE07}.Release|x64.ActiveCfg = Release|Any CPU
		{B27BA8ED-AE78-462E-B283-43A68E4DCE07}.Release|x64.Build.0 = Release|Any CPU
		{B27BA8ED-AE78-462E-B283-43A68E4DCE07}.Release|x86.ActiveCfg = Release|Any CPU
		{B27BA8ED-AE78-462E-B283-43A68E4DCE07}.Release|x86.Build.0 = Release|Any CPU
		{06A70817-1F42-43F3-8E54-518EAA1D89FF}.Debug|Any CPU.ActiveCfg = Debug|Any CPU
		{06A70817-1F42-43F3-8E54-518EAA1D89FF}.Debug|Any CPU.Build.0 = Debug|Any CPU
		{06A70817-1F42-43F3-8E54-518EAA1D89FF}.Debug|x64.ActiveCfg = Debug|Any CPU
		{06A70817-1F42-43F3-8E54-518EAA1D89FF}.Debug|x64.Build.0 = Debug|Any CPU
		{06A70817-1F42-43F3-8E54-518EAA1D89FF}.Debug|x86.ActiveCfg = Debug|Any CPU
		{06A70817-1F42-43F3-8E54-518EAA1D89FF}.Debug|x86.Build.0 = Debug|Any CPU
		{06A70817-1F42-43F3-8E54-518EAA1D89FF}.Release|Any CPU.ActiveCfg = Release|Any CPU
		{06A70817-1F42-43F3-8E54-518EAA1D89FF}.Release|Any CPU.Build.0 = Release|Any CPU
		{06A70817-1F42-43F3-8E54-518EAA1D89FF}.Release|x64.ActiveCfg = Release|Any CPU
		{06A70817-1F42-43F3-8E54-518EAA1D89FF}.Release|x64.Build.0 = Release|Any CPU
		{06A70817-1F42-43F3-8E54-518EAA1D89FF}.Release|x86.ActiveCfg = Release|Any CPU
		{06A70817-1F42-43F3-8E54-518EAA1D89FF}.Release|x86.Build.0 = Release|Any CPU
	EndGlobalSection
	GlobalSection(SolutionProperties) = preSolution
		HideSolutionNode = FALSE
	EndGlobalSection
EndGlobal
